
Microsoft Visual Studio Solution File, Format Version 12.00
# Visual Studio Version 17
VisualStudioVersion = 17.8.34322.80
MinimumVisualStudioVersion = 10.0.40219.1
Project("{9A19103F-16F7-4668-BE54-9A1E7A4F7556}") = "ScaleOut.Streaming.DigitalTwin.Core", "Core\ScaleOut.Streaming.DigitalTwin.Core.csproj", "{08EF74F8-05B0-4C63-B410-86710BEFF5A0}"
EndProject
Project("{9A19103F-16F7-4668-BE54-9A1E7A4F7556}") = "Scaleout.DigitalTwin.Workbench", "Workbench\Scaleout.DigitalTwin.Workbench.csproj", "{4EDF94E9-519E-4291-B719-0367F5CDED8B}"
EndProject
Project("{9A19103F-16F7-4668-BE54-9A1E7A4F7556}") = "Scaleout.DigitalTwin.Workbench.UnitTests", "Workbench.UnitTests\Scaleout.DigitalTwin.Workbench.UnitTests.csproj", "{66450FBD-9505-45FC-B897-D07A46574B23}"
EndProject
Project("{2150E333-8FDC-42A3-9474-1A3956D46DE8}") = "docfx", "docfx", "{449A39BA-B899-42E4-B402-60CC4E004A27}"
	ProjectSection(SolutionItems) = preProject
		docfx\docfx.json = docfx\docfx.json
		docfx\index.md = docfx\index.md
		docfx\README.TXT = docfx\README.TXT
		docfx\toc.yml = docfx\toc.yml
	EndProjectSection
EndProject
Project("{FAE04EC0-301F-11D3-BF4B-00C04F79EFBC}") = "Scaleout.DigitalTwin.Workbench.MachineLearning", "Scaleout.DigitalTwin.Workbench.MachineLearning\Scaleout.DigitalTwin.Workbench.MachineLearning.csproj", "{49858EFE-B6BB-47D0-A74B-F6E207E0197D}"
EndProject
Global
	GlobalSection(SolutionConfigurationPlatforms) = preSolution
		Debug|Any CPU = Debug|Any CPU
		Release|Any CPU = Release|Any CPU
	EndGlobalSection
	GlobalSection(ProjectConfigurationPlatforms) = postSolution
		{08EF74F8-05B0-4C63-B410-86710BEFF5A0}.Debug|Any CPU.ActiveCfg = Debug|Any CPU
		{08EF74F8-05B0-4C63-B410-86710BEFF5A0}.Debug|Any CPU.Build.0 = Debug|Any CPU
		{08EF74F8-05B0-4C63-B410-86710BEFF5A0}.Release|Any CPU.ActiveCfg = Release|Any CPU
		{08EF74F8-05B0-4C63-B410-86710BEFF5A0}.Release|Any CPU.Build.0 = Release|Any CPU
		{4EDF94E9-519E-4291-B719-0367F5CDED8B}.Debug|Any CPU.ActiveCfg = Debug|Any CPU
		{4EDF94E9-519E-4291-B719-0367F5CDED8B}.Debug|Any CPU.Build.0 = Debug|Any CPU
		{4EDF94E9-519E-4291-B719-0367F5CDED8B}.Release|Any CPU.ActiveCfg = Release|Any CPU
		{4EDF94E9-519E-4291-B719-0367F5CDED8B}.Release|Any CPU.Build.0 = Release|Any CPU
		{66450FBD-9505-45FC-B897-D07A46574B23}.Debug|Any CPU.ActiveCfg = Debug|Any CPU
		{66450FBD-9505-45FC-B897-D07A46574B23}.Debug|Any CPU.Build.0 = Debug|Any CPU
		{66450FBD-9505-45FC-B897-D07A46574B23}.Release|Any CPU.ActiveCfg = Release|Any CPU
		{66450FBD-9505-45FC-B897-D07A46574B23}.Release|Any CPU.Build.0 = Release|Any CPU
		{49858EFE-B6BB-47D0-A74B-F6E207E0197D}.Debug|Any CPU.ActiveCfg = Debug|Any CPU
		{49858EFE-B6BB-47D0-A74B-F6E207E0197D}.Debug|Any CPU.Build.0 = Debug|Any CPU
		{49858EFE-B6BB-47D0-A74B-F6E207E0197D}.Release|Any CPU.ActiveCfg = Release|Any CPU
		{49858EFE-B6BB-47D0-A74B-F6E207E0197D}.Release|Any CPU.Build.0 = Release|Any CPU
	EndGlobalSection
	GlobalSection(SolutionProperties) = preSolution
		HideSolutionNode = FALSE
	EndGlobalSection
	GlobalSection(ExtensibilityGlobals) = postSolution
		SolutionGuid = {B00B9936-4077-4A55-9265-DE47E9C421C4}
	EndGlobalSection
EndGlobal
